
Microsoft Visual Studio Solution File, Format Version 12.00
# Visual Studio 14
VisualStudioVersion = 14.0.25420.1
MinimumVisualStudioVersion = 10.0.40219.1
Project("{FAE04EC0-301F-11D3-BF4B-00C04F79EFBC}") = "GroceryValue.Library", "GroceryValue.Library\GroceryValue.Library.csproj", "{93BFB2E9-9969-4A81-9F1D-E96BC3FB1A98}"
EndProject
Project("{FAE04EC0-301F-11D3-BF4B-00C04F79EFBC}") = "GroceryValue.Host", "GroceryValue.Host\GroceryValue.Host.csproj", "{1A561B5C-9851-42AC-9349-F3009E8E9120}"
EndProject
Project("{2150E333-8FDC-42A3-9474-1A3956D46DE8}") = "GroceryValue.Extensions", "GroceryValue.Extensions", "{7AD23F3A-5519-4593-BAD3-FE3504325A96}"
	ProjectSection(SolutionItems) = preProject
		GroceryValue.Extensions\Log.txt = GroceryValue.Extensions\Log.txt
	EndProjectSection
EndProject
Project("{2150E333-8FDC-42A3-9474-1A3956D46DE8}") = "GroceryValue.GUI", "GroceryValue.GUI", "{1532826B-0669-4F72-87A4-69F201B48D2C}"
	ProjectSection(SolutionItems) = preProject
		GroceryValue.GUI\Icon.ico = GroceryValue.GUI\Icon.ico
		GroceryValue.GUI\IconSource.png = GroceryValue.GUI\IconSource.png
	EndProjectSection
EndProject
Project("{2150E333-8FDC-42A3-9474-1A3956D46DE8}") = "GroceryValue.Resources", "GroceryValue.Resources", "{05048AB6-B4F9-423F-9F90-33656B7D2802}"
EndProject
Project("{2150E333-8FDC-42A3-9474-1A3956D46DE8}") = "7290785400000", "7290785400000", "{E5BB5E7B-0B3C-4A9A-AFB0-A02944A363AC}"
	ProjectSection(SolutionItems) = preProject
		GroceryValue.Resources\7290785400000\PriceFull7290785400000-001-201608280010.xml = GroceryValue.Resources\7290785400000\PriceFull7290785400000-001-201608280010.xml
		GroceryValue.Resources\7290785400000\PriceFull7290785400000-002-201608280010.xml = GroceryValue.Resources\7290785400000\PriceFull7290785400000-002-201608280010.xml
		GroceryValue.Resources\7290785400000\PriceFull7290785400000-003-201608280010.xml = GroceryValue.Resources\7290785400000\PriceFull7290785400000-003-201608280010.xml
		GroceryValue.Resources\7290785400000\PriceFull7290785400000-004-201608280010.xml = GroceryValue.Resources\7290785400000\PriceFull7290785400000-004-201608280010.xml
		GroceryValue.Resources\7290785400000\PriceFull7290785400000-005-201608280010.xml = GroceryValue.Resources\7290785400000\PriceFull7290785400000-005-201608280010.xml
		GroceryValue.Resources\7290785400000\PriceFull7290785400000-008-201608280010.xml = GroceryValue.Resources\7290785400000\PriceFull7290785400000-008-201608280010.xml
		GroceryValue.Resources\7290785400000\PriceFull7290785400000-009-201609010010.xml = GroceryValue.Resources\7290785400000\PriceFull7290785400000-009-201609010010.xml
		GroceryValue.Resources\7290785400000\PriceFull7290785400000-010-201609010010.xml = GroceryValue.Resources\7290785400000\PriceFull7290785400000-010-201609010010.xml
		GroceryValue.Resources\7290785400000\PriceFull7290785400000-011-201609010010.xml = GroceryValue.Resources\7290785400000\PriceFull7290785400000-011-201609010010.xml
		GroceryValue.Resources\7290785400000\PriceFull7290785400000-012-201609010010.xml = GroceryValue.Resources\7290785400000\PriceFull7290785400000-012-201609010010.xml
		GroceryValue.Resources\7290785400000\PriceFull7290785400000-013-201609010010.xml = GroceryValue.Resources\7290785400000\PriceFull7290785400000-013-201609010010.xml
		GroceryValue.Resources\7290785400000\PriceFull7290785400000-014-201609010010.xml = GroceryValue.Resources\7290785400000\PriceFull7290785400000-014-201609010010.xml
		GroceryValue.Resources\7290785400000\PriceFull7290785400000-015-201609010010.xml = GroceryValue.Resources\7290785400000\PriceFull7290785400000-015-201609010010.xml
		GroceryValue.Resources\7290785400000\Stores7290785400000-201506142305.xml = GroceryValue.Resources\7290785400000\Stores7290785400000-201506142305.xml
	EndProjectSection
EndProject
Project("{2150E333-8FDC-42A3-9474-1A3956D46DE8}") = "7290803800003", "7290803800003", "{C4E855CF-ADF8-409E-BC91-482B42DF7CF2}"
	ProjectSection(SolutionItems) = preProject
		GroceryValue.Resources\7290803800003\PriceFull7290803800003-001-201608280010.xml = GroceryValue.Resources\7290803800003\PriceFull7290803800003-001-201608280010.xml
		GroceryValue.Resources\7290803800003\PriceFull7290803800003-004-201608280010.xml = GroceryValue.Resources\7290803800003\PriceFull7290803800003-004-201608280010.xml
		GroceryValue.Resources\7290803800003\PriceFull7290803800003-005-201608280010.xml = GroceryValue.Resources\7290803800003\PriceFull7290803800003-005-201608280010.xml
		GroceryValue.Resources\7290803800003\PriceFull7290803800003-007-201608280010.xml = GroceryValue.Resources\7290803800003\PriceFull7290803800003-007-201608280010.xml
		GroceryValue.Resources\7290803800003\PriceFull7290803800003-008-201608280010.xml = GroceryValue.Resources\7290803800003\PriceFull7290803800003-008-201608280010.xml
		GroceryValue.Resources\7290803800003\PriceFull7290803800003-009-201608280010.xml = GroceryValue.Resources\7290803800003\PriceFull7290803800003-009-201608280010.xml
		GroceryValue.Resources\7290803800003\PriceFull7290803800003-012-201609010010.xml = GroceryValue.Resources\7290803800003\PriceFull7290803800003-012-201609010010.xml
		GroceryValue.Resources\7290803800003\PriceFull7290803800003-013-201608280010.xml = GroceryValue.Resources\7290803800003\PriceFull7290803800003-013-201608280010.xml
		GroceryValue.Resources\7290803800003\PriceFull7290803800003-015-201609010010.xml = GroceryValue.Resources\7290803800003\PriceFull7290803800003-015-201609010010.xml
		GroceryValue.Resources\7290803800003\PriceFull7290803800003-016-201609010010.xml = GroceryValue.Resources\7290803800003\PriceFull7290803800003-016-201609010010.xml
		GroceryValue.Resources\7290803800003\PriceFull7290803800003-017-201609010010.xml = GroceryValue.Resources\7290803800003\PriceFull7290803800003-017-201609010010.xml
		GroceryValue.Resources\7290803800003\PriceFull7290803800003-018-201609010010.xml = GroceryValue.Resources\7290803800003\PriceFull7290803800003-018-201609010010.xml
		GroceryValue.Resources\7290803800003\PriceFull7290803800003-028-201609010010.xml = GroceryValue.Resources\7290803800003\PriceFull7290803800003-028-201609010010.xml
		GroceryValue.Resources\7290803800003\Stores7290803800003-201608210100.xml = GroceryValue.Resources\7290803800003\Stores7290803800003-201608210100.xml
	EndProjectSection
EndProject
Project("{2150E333-8FDC-42A3-9474-1A3956D46DE8}") = "7290873255550", "7290873255550", "{48262F95-0487-46FF-AC0D-B68E5D885CD2}"
	ProjectSection(SolutionItems) = preProject
		GroceryValue.Resources\7290873255550\PriceFull7290873255550-002-201608280010.xml = GroceryValue.Resources\7290873255550\PriceFull7290873255550-002-201608280010.xml
		GroceryValue.Resources\7290873255550\PriceFull7290873255550-003-201608280010.xml = GroceryValue.Resources\7290873255550\PriceFull7290873255550-003-201608280010.xml
		GroceryValue.Resources\7290873255550\PriceFull7290873255550-005-201608280010.xml = GroceryValue.Resources\7290873255550\PriceFull7290873255550-005-201608280010.xml
		GroceryValue.Resources\7290873255550\PriceFull7290873255550-006-201608280010.xml = GroceryValue.Resources\7290873255550\PriceFull7290873255550-006-201608280010.xml
		GroceryValue.Resources\7290873255550\PriceFull7290873255550-007-201608280010.xml = GroceryValue.Resources\7290873255550\PriceFull7290873255550-007-201608280010.xml
		GroceryValue.Resources\7290873255550\PriceFull7290873255550-010-201609010010.xml = GroceryValue.Resources\7290873255550\PriceFull7290873255550-010-201609010010.xml
		GroceryValue.Resources\7290873255550\PriceFull7290873255550-012-201609010010.xml = GroceryValue.Resources\7290873255550\PriceFull7290873255550-012-201609010010.xml
		GroceryValue.Resources\7290873255550\PriceFull7290873255550-013-201609010010.xml = GroceryValue.Resources\7290873255550\PriceFull7290873255550-013-201609010010.xml
		GroceryValue.Resources\7290873255550\PriceFull7290873255550-014-201609010010.xml = GroceryValue.Resources\7290873255550\PriceFull7290873255550-014-201609010010.xml
		GroceryValue.Resources\7290873255550\PriceFull7290873255550-015-201609010010.xml = GroceryValue.Resources\7290873255550\PriceFull7290873255550-015-201609010010.xml
		GroceryValue.Resources\7290873255550\PriceFull7290873255550-017-201609010010.xml = GroceryValue.Resources\7290873255550\PriceFull7290873255550-017-201609010010.xml
		GroceryValue.Resources\7290873255550\PriceFull7290873255550-018-201609010010.xml = GroceryValue.Resources\7290873255550\PriceFull7290873255550-018-201609010010.xml
		GroceryValue.Resources\7290873255550\PriceFull7290873255550-019-201609010010.xml = GroceryValue.Resources\7290873255550\PriceFull7290873255550-019-201609010010.xml
		GroceryValue.Resources\7290873255550\PriceFull7290873255550-020-201609010010.xml = GroceryValue.Resources\7290873255550\PriceFull7290873255550-020-201609010010.xml
		GroceryValue.Resources\7290873255550\PriceFull7290873255550-021-201609010010.xml = GroceryValue.Resources\7290873255550\PriceFull7290873255550-021-201609010010.xml
		GroceryValue.Resources\7290873255550\PriceFull7290873255550-030-201609010010.xml = GroceryValue.Resources\7290873255550\PriceFull7290873255550-030-201609010010.xml
		GroceryValue.Resources\7290873255550\PriceFull7290873255550-050-201609010010.xml = GroceryValue.Resources\7290873255550\PriceFull7290873255550-050-201609010010.xml
		GroceryValue.Resources\7290873255550\PriceFull7290873255550-051-201609010010.xml = GroceryValue.Resources\7290873255550\PriceFull7290873255550-051-201609010010.xml
		GroceryValue.Resources\7290873255550\PriceFull7290873255550-052-201609010010.xml = GroceryValue.Resources\7290873255550\PriceFull7290873255550-052-201609010010.xml
		GroceryValue.Resources\7290873255550\PriceFull7290873255550-054-201609010010.xml = GroceryValue.Resources\7290873255550\PriceFull7290873255550-054-201609010010.xml
		GroceryValue.Resources\7290873255550\PriceFull7290873255550-055-201609010010.xml = GroceryValue.Resources\7290873255550\PriceFull7290873255550-055-201609010010.xml
		GroceryValue.Resources\7290873255550\PriceFull7290873255550-056-201609010010.xml = GroceryValue.Resources\7290873255550\PriceFull7290873255550-056-201609010010.xml
		GroceryValue.Resources\7290873255550\PriceFull7290873255550-057-201609010010.xml = GroceryValue.Resources\7290873255550\PriceFull7290873255550-057-201609010010.xml
		GroceryValue.Resources\7290873255550\PriceFull7290873255550-058-201609010010.xml = GroceryValue.Resources\7290873255550\PriceFull7290873255550-058-201609010010.xml
		GroceryValue.Resources\7290873255550\PriceFull7290873255550-059-201609010010.xml = GroceryValue.Resources\7290873255550\PriceFull7290873255550-059-201609010010.xml
		GroceryValue.Resources\7290873255550\PriceFull7290873255550-060-201609010110.xml = GroceryValue.Resources\7290873255550\PriceFull7290873255550-060-201609010110.xml
		GroceryValue.Resources\7290873255550\PriceFull7290873255550-061-201609010010.xml = GroceryValue.Resources\7290873255550\PriceFull7290873255550-061-201609010010.xml
		GroceryValue.Resources\7290873255550\PriceFull7290873255550-062-201609010010.xml = GroceryValue.Resources\7290873255550\PriceFull7290873255550-062-201609010010.xml
		GroceryValue.Resources\7290873255550\PriceFull7290873255550-063-201609010010.xml = GroceryValue.Resources\7290873255550\PriceFull7290873255550-063-201609010010.xml
		GroceryValue.Resources\7290873255550\PriceFull7290873255550-065-201609010010.xml = GroceryValue.Resources\7290873255550\PriceFull7290873255550-065-201609010010.xml
		GroceryValue.Resources\7290873255550\PriceFull7290873255550-067-201609010010.xml = GroceryValue.Resources\7290873255550\PriceFull7290873255550-067-201609010010.xml
		GroceryValue.Resources\7290873255550\PriceFull7290873255550-068-201609010010.xml = GroceryValue.Resources\7290873255550\PriceFull7290873255550-068-201609010010.xml
		GroceryValue.Resources\7290873255550\PriceFull7290873255550-070-201609010010.xml = GroceryValue.Resources\7290873255550\PriceFull7290873255550-070-201609010010.xml
		GroceryValue.Resources\7290873255550\PriceFull7290873255550-071-201609010010.xml = GroceryValue.Resources\7290873255550\PriceFull7290873255550-071-201609010010.xml
		GroceryValue.Resources\7290873255550\PriceFull7290873255550-081-201609010010.xml = GroceryValue.Resources\7290873255550\PriceFull7290873255550-081-201609010010.xml
		GroceryValue.Resources\7290873255550\PriceFull7290873255550-200-Test.xml = GroceryValue.Resources\7290873255550\PriceFull7290873255550-200-Test.xml
		GroceryValue.Resources\7290873255550\Stores7290873255550-201608212005.xml = GroceryValue.Resources\7290873255550\Stores7290873255550-201608212005.xml
	EndProjectSection
EndProject
Project("{FAE04EC0-301F-11D3-BF4B-00C04F79EFBC}") = "GroceryValue.Test", "GroceryValue.Test\GroceryValue.Test.csproj", "{97519878-68A5-4FD6-9D1C-EDC57CB82DE4}"
EndProject
Project("{FAE04EC0-301F-11D3-BF4B-00C04F79EFBC}") = "GroceryValue.Client", "GroceryValue.Client\GroceryValue.Client.csproj", "{E7CE06DC-9E2E-4D2B-AB01-3A3A1F104958}"
EndProject
Project("{2150E333-8FDC-42A3-9474-1A3956D46DE8}") = "GroceryValue.Documentation", "GroceryValue.Documentation", "{8556EEB0-C86E-4AC7-AF51-AC518A04852A}"
	ProjectSection(SolutionItems) = preProject
		GroceryValue.docx = GroceryValue.docx
		GroceryValue.pdf = GroceryValue.pdf
	EndProjectSection
EndProject
Global
	GlobalSection(SolutionConfigurationPlatforms) = preSolution
		Debug|Any CPU = Debug|Any CPU
		Release|Any CPU = Release|Any CPU
	EndGlobalSection
	GlobalSection(ProjectConfigurationPlatforms) = postSolution
		{93BFB2E9-9969-4A81-9F1D-E96BC3FB1A98}.Debug|Any CPU.ActiveCfg = Debug|Any CPU
		{93BFB2E9-9969-4A81-9F1D-E96BC3FB1A98}.Debug|Any CPU.Build.0 = Debug|Any CPU
		{93BFB2E9-9969-4A81-9F1D-E96BC3FB1A98}.Release|Any CPU.ActiveCfg = Release|Any CPU
		{93BFB2E9-9969-4A81-9F1D-E96BC3FB1A98}.Release|Any CPU.Build.0 = Release|Any CPU
		{1A561B5C-9851-42AC-9349-F3009E8E9120}.Debug|Any CPU.ActiveCfg = Debug|Any CPU
		{1A561B5C-9851-42AC-9349-F3009E8E9120}.Debug|Any CPU.Build.0 = Debug|Any CPU
		{1A561B5C-9851-42AC-9349-F3009E8E9120}.Release|Any CPU.ActiveCfg = Release|Any CPU
		{1A561B5C-9851-42AC-9349-F3009E8E9120}.Release|Any CPU.Build.0 = Release|Any CPU
		{97519878-68A5-4FD6-9D1C-EDC57CB82DE4}.Debug|Any CPU.ActiveCfg = Debug|Any CPU
		{97519878-68A5-4FD6-9D1C-EDC57CB82DE4}.Debug|Any CPU.Build.0 = Debug|Any CPU
		{97519878-68A5-4FD6-9D1C-EDC57CB82DE4}.Release|Any CPU.ActiveCfg = Release|Any CPU
		{97519878-68A5-4FD6-9D1C-EDC57CB82DE4}.Release|Any CPU.Build.0 = Release|Any CPU
		{E7CE06DC-9E2E-4D2B-AB01-3A3A1F104958}.Debug|Any CPU.ActiveCfg = Debug|Any CPU
		{E7CE06DC-9E2E-4D2B-AB01-3A3A1F104958}.Debug|Any CPU.Build.0 = Debug|Any CPU
		{E7CE06DC-9E2E-4D2B-AB01-3A3A1F104958}.Release|Any CPU.ActiveCfg = Release|Any CPU
		{E7CE06DC-9E2E-4D2B-AB01-3A3A1F104958}.Release|Any CPU.Build.0 = Release|Any CPU
	EndGlobalSection
	GlobalSection(SolutionProperties) = preSolution
		HideSolutionNode = FALSE
	EndGlobalSection
	GlobalSection(NestedProjects) = preSolution
		{E5BB5E7B-0B3C-4A9A-AFB0-A02944A363AC} = {05048AB6-B4F9-423F-9F90-33656B7D2802}
		{C4E855CF-ADF8-409E-BC91-482B42DF7CF2} = {05048AB6-B4F9-423F-9F90-33656B7D2802}
		{48262F95-0487-46FF-AC0D-B68E5D885CD2} = {05048AB6-B4F9-423F-9F90-33656B7D2802}
	EndGlobalSection
EndGlobal
